{
  "name": "securedna-synthclient-template",
  "lockfileVersion": 3,
  "requires": true,
  "packages": {
    "": {
      "devDependencies": {
        "@types/node": "^7.10.14",
        "typescript": "^5.5.4"
      }
    },
    "node_modules/@types/node": {
      "version": "7.10.14",
      "resolved": "https://registry.npmjs.org/@types/node/-/node-7.10.14.tgz",
      "integrity": "sha512-29GS75BE8asnTno3yB6ubOJOO0FboExEqNJy4bpz0GSmW/8wPTNL4h9h63c6s1uTrOopCmJYe/4yJLh5r92ZUA==",
      "dev": true,
      "license": "MIT"
    },
    "node_modules/typescript": {
      "version": "5.6.3",
      "resolved": "https://registry.npmjs.org/typescript/-/typescript-5.6.3.tgz",
      "integrity": "sha512-hjcS1mhfuyi4WW8IWtjP7brDrG2cuDZukyrYrSauoXGNgx0S7zceP07adYkJycEr56BOUTNPzbInooiN3fn1qw==",
      "dev": true,
      "license": "Apache-2.0",
      "bin": {
        "tsc": "bin/tsc",
        "tsserver": "bin/tsserver"
      },
      "engines": {
        "node": ">=14.17"
      }
    }
  }
}
